
Microsoft Visual Studio Solution File, Format Version 12.00
# Visual Studio Version 17
VisualStudioVersion = 17.9.34701.34
MinimumVisualStudioVersion = 10.0.40219.1
Project("{9A19103F-16F7-4668-BE54-9A1E7A4F7556}") = "GameZone", "GameZone.csproj", "{4A3C53D2-0702-4179-90C2-A9D81B3EA85E}"
EndProject
Global
	GlobalSection(SolutionConfigurationPlatforms) = preSolution
		Debug|Any CPU = Debug|Any CPU
		Release|Any CPU = Release|Any CPU
	EndGlobalSection
	GlobalSection(ProjectConfigurationPlatforms) = postSolution
		{4A3C53D2-0702-4179-90C2-A9D81B3EA85E}.Debug|Any CPU.ActiveCfg = Debug|Any CPU
		{4A3C53D2-0702-4179-90C2-A9D81B3EA85E}.Debug|Any CPU.Build.0 = Debug|Any CPU
		{4A3C53D2-0702-4179-90C2-A9D81B3EA85E}.Release|Any CPU.ActiveCfg = Release|Any CPU
		{4A3C53D2-0702-4179-90C2-A9D81B3EA85E}.Release|Any CPU.Build.0 = Release|Any CPU
	EndGlobalSection
	GlobalSection(SolutionProperties) = preSolution
		HideSolutionNode = FALSE
	EndGlobalSection
	GlobalSection(ExtensibilityGlobals) = postSolution
		SolutionGuid = {B0FD3007-6822-4D8B-8A50-446A57CBA928}
	EndGlobalSection
EndGlobal
